
Microsoft Visual Studio Solution File, Format Version 12.00
# Visual Studio Version 16
VisualStudioVersion = 16.0.30907.101
MinimumVisualStudioVersion = 10.0.40219.1
Project("{FAE04EC0-301F-11D3-BF4B-00C04F79EFBC}") = "ClassMetotDemo", "ClassMetotDemo\ClassMetotDemo.csproj", "{E73763DC-2FE0-4B98-992D-5AC594885469}"
EndProject
Global
	GlobalSection(SolutionConfigurationPlatforms) = preSolution
		Debug|Any CPU = Debug|Any CPU
		Release|Any CPU = Release|Any CPU
	EndGlobalSection
	GlobalSection(ProjectConfigurationPlatforms) = postSolution
		{E73763DC-2FE0-4B98-992D-5AC594885469}.Debug|Any CPU.ActiveCfg = Debug|Any CPU
		{E73763DC-2FE0-4B98-992D-5AC594885469}.Debug|Any CPU.Build.0 = Debug|Any CPU
		{E73763DC-2FE0-4B98-992D-5AC594885469}.Release|Any CPU.ActiveCfg = Release|Any CPU
		{E73763DC-2FE0-4B98-992D-5AC594885469}.Release|Any CPU.Build.0 = Release|Any CPU
	EndGlobalSection
	GlobalSection(SolutionProperties) = preSolution
		HideSolutionNode = FALSE
	EndGlobalSection
	GlobalSection(ExtensibilityGlobals) = postSolution
		SolutionGuid = {37B2AC7F-731A-4735-92F3-E2F1EFDF362F}
	EndGlobalSection
EndGlobal
